// !$*UTF8*$!
{
	archiveVersion = 1;
	classes = {
	};
	objectVersion = 52;
	objects = {

/* Begin PBXBuildFile section */
		6540E17826A429F200043043 /* Alamofire in Frameworks */ = {isa = PBXBuildFile; productRef = 6540E17726A429F200043043 /* Alamofire */; };
		6540E17B26A42A8C00043043 /* SwiftyJSON in Frameworks */ = {isa = PBXBuildFile; productRef = 6540E17A26A42A8C00043043 /* SwiftyJSON */; };
		6540E17E26A42AC800043043 /* MBProgressHUD in Frameworks */ = {isa = PBXBuildFile; productRef = 6540E17D26A42AC800043043 /* MBProgressHUD */; };
		6540E18126A42B1600043043 /* Kingfisher in Frameworks */ = {isa = PBXBuildFile; productRef = 6540E18026A42B1600043043 /* Kingfisher */; };
		780A67442687B85F004AB4E2 /* ImageDetailsViewController.swift in Sources */ = {isa = PBXBuildFile; fileRef = 780A67432687B85F004AB4E2 /* ImageDetailsViewController.swift */; };
		780A67482687B901004AB4E2 /* ImageCollectionViewCell.swift in Sources */ = {isa = PBXBuildFile; fileRef = 780A67472687B901004AB4E2 /* ImageCollectionViewCell.swift */; };
		780A674C2687B949004AB4E2 /* PhotoModel.swift in Sources */ = {isa = PBXBuildFile; fileRef = 780A674B2687B949004AB4E2 /* PhotoModel.swift */; };
		780A675B268A4F82004AB4E2 /* FlickrAPI.swift in Sources */ = {isa = PBXBuildFile; fileRef = 780A675A268A4F82004AB4E2 /* FlickrAPI.swift */; };
		78C670DD268653D100B94B42 /* AppDelegate.swift in Sources */ = {isa = PBXBuildFile; fileRef = 78C670DC268653D100B94B42 /* AppDelegate.swift */; };
		78C670DF268653D100B94B42 /* SceneDelegate.swift in Sources */ = {isa = PBXBuildFile; fileRef = 78C670DE268653D100B94B42 /* SceneDelegate.swift */; };
		78C670E1268653D100B94B42 /* ViewController.swift in Sources */ = {isa = PBXBuildFile; fileRef = 78C670E0268653D100B94B42 /* ViewController.swift */; };
		78C670E4268653D100B94B42 /* Main.storyboard in Resources */ = {isa = PBXBuildFile; fileRef = 78C670E2268653D100B94B42 /* Main.storyboard */; };
		78C670E6268653D400B94B42 /* Assets.xcassets in Resources */ = {isa = PBXBuildFile; fileRef = 78C670E5268653D400B94B42 /* Assets.xcassets */; };
		78C670E9268653D400B94B42 /* LaunchScreen.storyboard in Resources */ = {isa = PBXBuildFile; fileRef = 78C670E7268653D400B94B42 /* LaunchScreen.storyboard */; };
/* End PBXBuildFile section */

/* Begin PBXFileReference section */
		780A67432687B85F004AB4E2 /* ImageDetailsViewController.swift */ = {isa = PBXFileReference; lastKnownFileType = sourcecode.swift; path = ImageDetailsViewController.swift; sourceTree = "<group>"; };
		780A67472687B901004AB4E2 /* ImageCollectionViewCell.swift */ = {isa = PBXFileReference; lastKnownFileType = sourcecode.swift; path = ImageCollectionViewCell.swift; sourceTree = "<group>"; };
		780A674B2687B949004AB4E2 /* PhotoModel.swift */ = {isa = PBXFileReference; lastKnownFileType = sourcecode.swift; path = PhotoModel.swift; sourceTree = "<group>"; };
		780A675A268A4F82004AB4E2 /* FlickrAPI.swift */ = {isa = PBXFileReference; lastKnownFileType = sourcecode.swift; path = FlickrAPI.swift; sourceTree = "<group>"; };
		78C670D9268653D100B94B42 /* Hackathon3.app */ = {isa = PBXFileReference; explicitFileType = wrapper.application; includeInIndex = 0; path = Hackathon3.app; sourceTree = BUILT_PRODUCTS_DIR; };
		78C670DC268653D100B94B42 /* AppDelegate.swift */ = {isa = PBXFileReference; lastKnownFileType = sourcecode.swift; path = AppDelegate.swift; sourceTree = "<group>"; };
		78C670DE268653D100B94B42 /* SceneDelegate.swift */ = {isa = PBXFileReference; lastKnownFileType = sourcecode.swift; path = SceneDelegate.swift; sourceTree = "<group>"; };
		78C670E0268653D100B94B42 /* ViewController.swift */ = {isa = PBXFileReference; lastKnownFileType = sourcecode.swift; path = ViewController.swift; sourceTree = "<group>"; };
		78C670E3268653D100B94B42 /* Base */ = {isa = PBXFileReference; lastKnownFileType = file.storyboard; name = Base; path = Base.lproj/Main.storyboard; sourceTree = "<group>"; };
		78C670E5268653D400B94B42 /* Assets.xcassets */ = {isa = PBXFileReference; lastKnownFileType = folder.assetcatalog; path = Assets.xcassets; sourceTree = "<group>"; };
		78C670E8268653D400B94B42 /* Base */ = {isa = PBXFileReference; lastKnownFileType = file.storyboard; name = Base; path = Base.lproj/LaunchScreen.storyboard; sourceTree = "<group>"; };
		78C670EA268653D400B94B42 /* Info.plist */ = {isa = PBXFileReference; lastKnownFileType = text.plist.xml; path = Info.plist; sourceTree = "<group>"; };
/* End PBXFileReference section */

/* Begin PBXFrameworksBuildPhase section */
		78C670D6268653D100B94B42 /* Frameworks */ = {
			isa = PBXFrameworksBuildPhase;
			buildActionMask = 2147483647;
			files = (
				6540E18126A42B1600043043 /* Kingfisher in Frameworks */,
				6540E17E26A42AC800043043 /* MBProgressHUD in Frameworks */,
				6540E17B26A42A8C00043043 /* SwiftyJSON in Frameworks */,
				6540E17826A429F200043043 /* Alamofire in Frameworks */,
			);
			runOnlyForDeploymentPostprocessing = 0;
		};
/* End PBXFrameworksBuildPhase section */

/* Begin PBXGroup section */
		78C670D0268653D100B94B42 = {
			isa = PBXGroup;
			children = (
				78C670DB268653D100B94B42 /* Hackathon3 */,
				78C670DA268653D100B94B42 /* Products */,
			);
			sourceTree = "<group>";
		};
		78C670DA268653D100B94B42 /* Products */ = {
			isa = PBXGroup;
			children = (
				78C670D9268653D100B94B42 /* Hackathon3.app */,
			);
			name = Products;
			sourceTree = "<group>";
		};
		78C670DB268653D100B94B42 /* Hackathon3 */ = {
			isa = PBXGroup;
			children = (
				78C670DC268653D100B94B42 /* AppDelegate.swift */,
				78C670DE268653D100B94B42 /* SceneDelegate.swift */,
				78C670E0268653D100B94B42 /* ViewController.swift */,
				780A67432687B85F004AB4E2 /* ImageDetailsViewController.swift */,
				780A67472687B901004AB4E2 /* ImageCollectionViewCell.swift */,
				78C670E2268653D100B94B42 /* Main.storyboard */,
				78C670E5268653D400B94B42 /* Assets.xcassets */,
				78C670E7268653D400B94B42 /* LaunchScreen.storyboard */,
				78C670EA268653D400B94B42 /* Info.plist */,
				780A674B2687B949004AB4E2 /* PhotoModel.swift */,
				780A675A268A4F82004AB4E2 /* FlickrAPI.swift */,
			);
			path = Hackathon3;
			sourceTree = "<group>";
		};
/* End PBXGroup section */

/* Begin PBXNativeTarget section */
		78C670D8268653D100B94B42 /* Hackathon3 */ = {
			isa = PBXNativeTarget;
			buildConfigurationList = 78C670ED268653D400B94B42 /* Build configuration list for PBXNativeTarget "Hackathon3" */;
			buildPhases = (
				78C670D5268653D100B94B42 /* Sources */,
				78C670D6268653D100B94B42 /* Frameworks */,
				78C670D7268653D100B94B42 /* Resources */,
			);
			buildRules = (
			);
			dependencies = (
			);
			name = Hackathon3;
			packageProductDependencies = (
				6540E17726A429F200043043 /* Alamofire */,
				6540E17A26A42A8C00043043 /* SwiftyJSON */,
				6540E17D26A42AC800043043 /* MBProgressHUD */,
				6540E18026A42B1600043043 /* Kingfisher */,
			);
			productName = Hackathon3;
			productReference = 78C670D9268653D100B94B42 /* Hackathon3.app */;
			productType = "com.apple.product-type.application";
		};
/* End PBXNativeTarget section */

/* Begin PBXProject section */
		78C670D1268653D100B94B42 /* Project object */ = {
			isa = PBXProject;
			attributes = {
				LastSwiftUpdateCheck = 1240;
				LastUpgradeCheck = 1240;
				TargetAttributes = {
					78C670D8268653D100B94B42 = {
						CreatedOnToolsVersion = 12.4;
					};
				};
			};
			buildConfigurationList = 78C670D4268653D100B94B42 /* Build configuration list for PBXProject "Hackathon3" */;
			compatibilityVersion = "Xcode 9.3";
			developmentRegion = en;
			hasScannedForEncodings = 0;
			knownRegions = (
				en,
				Base,
			);
			mainGroup = 78C670D0268653D100B94B42;
			packageReferences = (
				6540E17626A429F200043043 /* XCRemoteSwiftPackageReference "Alamofire" */,
				6540E17926A42A8C00043043 /* XCRemoteSwiftPackageReference "SwiftyJSON" */,
				6540E17C26A42AC800043043 /* XCRemoteSwiftPackageReference "MBProgressHUD" */,
				6540E17F26A42B1600043043 /* XCRemoteSwiftPackageReference "Kingfisher" */,
			);
			productRefGroup = 78C670DA268653D100B94B42 /* Products */;
			projectDirPath = "";
			projectRoot = "";
			targets = (
				78C670D8268653D100B94B42 /* Hackathon3 */,
			);
		};
/* End PBXProject section */

/* Begin PBXResourcesBuildPhase section */
		78C670D7268653D100B94B42 /* Resources */ = {
			isa = PBXResourcesBuildPhase;
			buildActionMask = 2147483647;
			files = (
				78C670E9268653D400B94B42 /* LaunchScreen.storyboard in Resources */,
				78C670E6268653D400B94B42 /* Assets.xcassets in Resources */,
				78C670E4268653D100B94B42 /* Main.storyboard in Resources */,
			);
			runOnlyForDeploymentPostprocessing = 0;
		};
/* End PBXResourcesBuildPhase section */

/* Begin PBXSourcesBuildPhase section */
		78C670D5268653D100B94B42 /* Sources */ = {
			isa = PBXSourcesBuildPhase;
			buildActionMask = 2147483647;
			files = (
				78C670E1268653D100B94B42 /* ViewController.swift in Sources */,
				780A67482687B901004AB4E2 /* ImageCollectionViewCell.swift in Sources */,
				78C670DD268653D100B94B42 /* AppDelegate.swift in Sources */,
				780A674C2687B949004AB4E2 /* PhotoModel.swift in Sources */,
				780A675B268A4F82004AB4E2 /* FlickrAPI.swift in Sources */,
				780A67442687B85F004AB4E2 /* ImageDetailsViewController.swift in Sources */,
				78C670DF268653D100B94B42 /* SceneDelegate.swift in Sources */,
			);
			runOnlyForDeploymentPostprocessing = 0;
		};
/* End PBXSourcesBuildPhase section */

/* Begin PBXVariantGroup section */
		78C670E2268653D100B94B42 /* Main.storyboard */ = {
			isa = PBXVariantGroup;
			children = (
				78C670E3268653D100B94B42 /* Base */,
			);
			name = Main.storyboard;
			sourceTree = "<group>";
		};
		78C670E7268653D400B94B42 /* LaunchScreen.storyboard */ = {
			isa = PBXVariantGroup;
			children = (
				78C670E8268653D400B94B42 /* Base */,
			);
			name = LaunchScreen.storyboard;
			sourceTree = "<group>";
		};
/* End PBXVariantGroup section */

/* Begin XCBuildConfiguration section */
		78C670EB268653D400B94B42 /* Debug */ = {
			isa = XCBuildConfiguration;
			buildSettings = {
				ALWAYS_SEARCH_USER_PATHS = NO;
				CLANG_ANALYZER_NONNULL = YES;
				CLANG_ANALYZER_NUMBER_OBJECT_CONVERSION = YES_AGGRESSIVE;
				CLANG_CXX_LANGUAGE_STANDARD = "gnu++14";
				CLANG_CXX_LIBRARY = "libc++";
				CLANG_ENABLE_MODULES = YES;
				CLANG_ENABLE_OBJC_ARC = YES;
				CLANG_ENABLE_OBJC_WEAK = YES;
				CLANG_WARN_BLOCK_CAPTURE_AUTORELEASING = YES;
				CLANG_WARN_BOOL_CONVERSION = YES;
				CLANG_WARN_COMMA = YES;
				CLANG_WARN_CONSTANT_CONVERSION = YES;
				CLANG_WARN_DEPRECATED_OBJC_IMPLEMENTATIONS = YES;
				CLANG_WARN_DIRECT_OBJC_ISA_USAGE = YES_ERROR;
				CLANG_WARN_DOCUMENTATION_COMMENTS = YES;
				CLANG_WARN_EMPTY_BODY = YES;
				CLANG_WARN_ENUM_CONVERSION = YES;
				CLANG_WARN_INFINITE_RECURSION = YES;
				CLANG_WARN_INT_CONVERSION = YES;
				CLANG_WARN_NON_LITERAL_NULL_CONVERSION = YES;
				CLANG_WARN_OBJC_IMPLICIT_RETAIN_SELF = YES;
				CLANG_WARN_OBJC_LITERAL_CONVERSION = YES;
				CLANG_WARN_OBJC_ROOT_CLASS = YES_ERROR;
				CLANG_WARN_QUOTED_INCLUDE_IN_FRAMEWORK_HEADER = YES;
				CLANG_WARN_RANGE_LOOP_ANALYSIS = YES;
				CLANG_WARN_STRICT_PROTOTYPES = YES;
				CLANG_WARN_SUSPICIOUS_MOVE = YES;
				CLANG_WARN_UNGUARDED_AVAILABILITY = YES_AGGRESSIVE;
				CLANG_WARN_UNREACHABLE_CODE = YES;
				CLANG_WARN__DUPLICATE_METHOD_MATCH = YES;
				COPY_PHASE_STRIP = NO;
				DEBUG_INFORMATION_FORMAT = dwarf;
				ENABLE_STRICT_OBJC_MSGSEND = YES;
				ENABLE_TESTABILITY = YES;
				GCC_C_LANGUAGE_STANDARD = gnu11;
				GCC_DYNAMIC_NO_PIC = NO;
				GCC_NO_COMMON_BLOCKS = YES;
				GCC_OPTIMIZATION_LEVEL = 0;
				GCC_PREPROCESSOR_DEFINITIONS = (
					"DEBUG=1",
					"$(inherited)",
				);
				GCC_WARN_64_TO_32_BIT_CONVERSION = YES;
				GCC_WARN_ABOUT_RETURN_TYPE = YES_ERROR;
				GCC_WARN_UNDECLARED_SELECTOR = YES;
				GCC_WARN_UNINITIALIZED_AUTOS = YES_AGGRESSIVE;
				GCC_WARN_UNUSED_FUNCTION = YES;
				GCC_WARN_UNUSED_VARIABLE = YES;
				IPHONEOS_DEPLOYMENT_TARGET = 14.4;
				MTL_ENABLE_DEBUG_INFO = INCLUDE_SOURCE;
				MTL_FAST_MATH = YES;
				ONLY_ACTIVE_ARCH = YES;
				SDKROOT = iphoneos;
				SWIFT_ACTIVE_COMPILATION_CONDITIONS = DEBUG;
				SWIFT_OPTIMIZATION_LEVEL = "-Onone";
			};
			name = Debug;
		};
		78C670EC268653D400B94B42 /* Release */ = {
			isa = XCBuildConfiguration;
			buildSettings = {
				ALWAYS_SEARCH_USER_PATHS = NO;
				CLANG_ANALYZER_NONNULL = YES;
				CLANG_ANALYZER_NUMBER_OBJECT_CONVERSION = YES_AGGRESSIVE;
				CLANG_CXX_LANGUAGE_STANDARD = "gnu++14";
				CLANG_CXX_LIBRARY = "libc++";
				CLANG_ENABLE_MODULES = YES;
				CLANG_ENABLE_OBJC_ARC = YES;
				CLANG_ENABLE_OBJC_WEAK = YES;
				CLANG_WARN_BLOCK_CAPTURE_AUTORELEASING = YES;
				CLANG_WARN_BOOL_CONVERSION = YES;
				CLANG_WARN_COMMA = YES;
				CLANG_WARN_CONSTANT_CONVERSION = YES;
				CLANG_WARN_DEPRECATED_OBJC_IMPLEMENTATIONS = YES;
				CLANG_WARN_DIRECT_OBJC_ISA_USAGE = YES_ERROR;
				CLANG_WARN_DOCUMENTATION_COMMENTS = YES;
				CLANG_WARN_EMPTY_BODY = YES;
				CLANG_WARN_ENUM_CONVERSION = YES;
				CLANG_WARN_INFINITE_RECURSION = YES;
				CLANG_WARN_INT_CONVERSION = YES;
				CLANG_WARN_NON_LITERAL_NULL_CONVERSION = YES;
				CLANG_WARN_OBJC_IMPLICIT_RETAIN_SELF = YES;
				CLANG_WARN_OBJC_LITERAL_CONVERSION = YES;
				CLANG_WARN_OBJC_ROOT_CLASS = YES_ERROR;
				CLANG_WARN_QUOTED_INCLUDE_IN_FRAMEWORK_HEADER = YES;
				CLANG_WARN_RANGE_LOOP_ANALYSIS = YES;
				CLANG_WARN_STRICT_PROTOTYPES = YES;
				CLANG_WARN_SUSPICIOUS_MOVE = YES;
				CLANG_WARN_UNGUARDED_AVAILABILITY = YES_AGGRESSIVE;
				CLANG_WARN_UNREACHABLE_CODE = YES;
				CLANG_WARN__DUPLICATE_METHOD_MATCH = YES;
				COPY_PHASE_STRIP = NO;
				DEBUG_INFORMATION_FORMAT = "dwarf-with-dsym";
				ENABLE_NS_ASSERTIONS = NO;
				ENABLE_STRICT_OBJC_MSGSEND = YES;
				GCC_C_LANGUAGE_STANDARD = gnu11;
				GCC_NO_COMMON_BLOCKS = YES;
				GCC_WARN_64_TO_32_BIT_CONVERSION = YES;
				GCC_WARN_ABOUT_RETURN_TYPE = YES_ERROR;
				GCC_WARN_UNDECLARED_SELECTOR = YES;
				GCC_WARN_UNINITIALIZED_AUTOS = YES_AGGRESSIVE;
				GCC_WARN_UNUSED_FUNCTION = YES;
				GCC_WARN_UNUSED_VARIABLE = YES;
				IPHONEOS_DEPLOYMENT_TARGET = 14.4;
				MTL_ENABLE_DEBUG_INFO = NO;
				MTL_FAST_MATH = YES;
				SDKROOT = iphoneos;
				SWIFT_COMPILATION_MODE = wholemodule;
				SWIFT_OPTIMIZATION_LEVEL = "-O";
				VALIDATE_PRODUCT = YES;
			};
			name = Release;
		};
		78C670EE268653D400B94B42 /* Debug */ = {
			isa = XCBuildConfiguration;
			buildSettings = {
				ASSETCATALOG_COMPILER_APPICON_NAME = AppIcon;
				ASSETCATALOG_COMPILER_GLOBAL_ACCENT_COLOR_NAME = AccentColor;
				CODE_SIGN_STYLE = Automatic;
				DEVELOPMENT_TEAM = 7G4QKU6FCL;
				INFOPLIST_FILE = Hackathon3/Info.plist;
				LD_RUNPATH_SEARCH_PATHS = (
					"$(inherited)",
					"@executable_path/Frameworks",
				);
				PRODUCT_BUNDLE_IDENTIFIER = ru.Hackathon3;
				PRODUCT_NAME = "$(TARGET_NAME)";
				SWIFT_VERSION = 5.0;
				TARGETED_DEVICE_FAMILY = "1,2";
			};
			name = Debug;
		};
		78C670EF268653D400B94B42 /* Release */ = {
			isa = XCBuildConfiguration;
			buildSettings = {
				ASSETCATALOG_COMPILER_APPICON_NAME = AppIcon;
				ASSETCATALOG_COMPILER_GLOBAL_ACCENT_COLOR_NAME = AccentColor;
				CODE_SIGN_STYLE = Automatic;
				DEVELOPMENT_TEAM = 7G4QKU6FCL;
				INFOPLIST_FILE = Hackathon3/Info.plist;
				LD_RUNPATH_SEARCH_PATHS = (
					"$(inherited)",
					"@executable_path/Frameworks",
				);
				PRODUCT_BUNDLE_IDENTIFIER = ru.Hackathon3;
				PRODUCT_NAME = "$(TARGET_NAME)";
				SWIFT_VERSION = 5.0;
				TARGETED_DEVICE_FAMILY = "1,2";
			};
			name = Release;
		};
/* End XCBuildConfiguration section */

/* Begin XCConfigurationList section */
		78C670D4268653D100B94B42 /* Build configuration list for PBXProject "Hackathon3" */ = {
			isa = XCConfigurationList;
			buildConfigurations = (
				78C670EB268653D400B94B42 /* Debug */,
				78C670EC268653D400B94B42 /* Release */,
			);
			defaultConfigurationIsVisible = 0;
			defaultConfigurationName = Release;
		};
		78C670ED268653D400B94B42 /* Build configuration list for PBXNativeTarget "Hackathon3" */ = {
			isa = XCConfigurationList;
			buildConfigurations = (
				78C670EE268653D400B94B42 /* Debug */,
				78C670EF268653D400B94B42 /* Release */,
			);
			defaultConfigurationIsVisible = 0;
			defaultConfigurationName = Release;
		};
/* End XCConfigurationList section */

/* Begin XCRemoteSwiftPackageReference section */
		6540E17626A429F200043043 /* XCRemoteSwiftPackageReference "Alamofire" */ = {
			isa = XCRemoteSwiftPackageReference;
			repositoryURL = "https://github.com/manishraval27/Alamofire.git";
			requirement = {
				branch = master;
				kind = branch;
			};
		};
		6540E17926A42A8C00043043 /* XCRemoteSwiftPackageReference "SwiftyJSON" */ = {
			isa = XCRemoteSwiftPackageReference;
			repositoryURL = "https://github.com/SwiftyJSON/SwiftyJSON.git";
			requirement = {
				kind = upToNextMajorVersion;
				minimumVersion = 5.0.1;
			};
		};
		6540E17C26A42AC800043043 /* XCRemoteSwiftPackageReference "MBProgressHUD" */ = {
			isa = XCRemoteSwiftPackageReference;
			repositoryURL = "https://github.com/jdg/MBProgressHUD.git";
			requirement = {
				kind = upToNextMajorVersion;
				minimumVersion = 1.2.0;
			};
		};
		6540E17F26A42B1600043043 /* XCRemoteSwiftPackageReference "Kingfisher" */ = {
			isa = XCRemoteSwiftPackageReference;
			repositoryURL = "https://github.com/CourtlandBueno/Kingfisher.git";
			requirement = {
				kind = upToNextMajorVersion;
				minimumVersion = 0.1.0;
			};
		};
/* End XCRemoteSwiftPackageReference section */

/* Begin XCSwiftPackageProductDependency section */
		6540E17726A429F200043043 /* Alamofire */ = {
			isa = XCSwiftPackageProductDependency;
			package = 6540E17626A429F200043043 /* XCRemoteSwiftPackageReference "Alamofire" */;
			productName = Alamofire;
		};
		6540E17A26A42A8C00043043 /* SwiftyJSON */ = {
			isa = XCSwiftPackageProductDependency;
			package = 6540E17926A42A8C00043043 /* XCRemoteSwiftPackageReference "SwiftyJSON" */;
			productName = SwiftyJSON;
		};
		6540E17D26A42AC800043043 /* MBProgressHUD */ = {
			isa = XCSwiftPackageProductDependency;
			package = 6540E17C26A42AC800043043 /* XCRemoteSwiftPackageReference "MBProgressHUD" */;
			productName = MBProgressHUD;
		};
		6540E18026A42B1600043043 /* Kingfisher */ = {
			isa = XCSwiftPackageProductDependency;
			package = 6540E17F26A42B1600043043 /* XCRemoteSwiftPackageReference "Kingfisher" */;
			productName = Kingfisher;
		};
/* End XCSwiftPackageProductDependency section */
	};
	rootObject = 78C670D1268653D100B94B42 /* Project object */;
}
